
Microsoft Visual Studio Solution File, Format Version 12.00
# Visual Studio 2013
VisualStudioVersion = 12.0.21005.1
MinimumVisualStudioVersion = 10.0.40219.1
Project("{2150E333-8FDC-42A3-9474-1A3956D46DE8}") = "0 - Design", "0 - Design", "{A88791BC-0920-457C-8A1A-DDADCDBE8D07}"
EndProject
Project("{2150E333-8FDC-42A3-9474-1A3956D46DE8}") = "1 - Codes", "1 - Codes", "{50F1A807-455A-46AD-B2D4-43F64A2C4F68}"
EndProject
Project("{2150E333-8FDC-42A3-9474-1A3956D46DE8}") = "2 - Extensions", "2 - Extensions", "{918ED9D2-0EF2-4AD1-90AE-9B279476C9A3}"
EndProject
Project("{2150E333-8FDC-42A3-9474-1A3956D46DE8}") = "3 - Examples", "3 - Examples", "{CD8A8571-C2B8-49D4-9B72-D4C266A236DA}"
EndProject
Project("{FAE04EC0-301F-11D3-BF4B-00C04F79EFBC}") = "Artworks", "src\Artworks\Artworks.csproj", "{F93B3B11-949D-432B-80EF-D1F871FD44E0}"
EndProject
Project("{FAE04EC0-301F-11D3-BF4B-00C04F79EFBC}") = "Artworks.CodeRule", "src\Artworks.CodeRule\Artworks.CodeRule.csproj", "{EE2FC872-9B8A-4C85-AC87-7E9504932C96}"
EndProject
Project("{FAE04EC0-301F-11D3-BF4B-00C04F79EFBC}") = "Artworks.Utility", "src\Artworks.Utility\Artworks.Utility.csproj", "{784B7AAF-3A47-466D-916A-08D2267939E6}"
EndProject
Project("{FAE04EC0-301F-11D3-BF4B-00C04F79EFBC}") = "Artworks.Log", "src\Artworks.Log\Artworks.Log.csproj", "{60EFB555-8785-46F9-A637-A52EDB82FCA9}"
EndProject
Project("{FAE04EC0-301F-11D3-BF4B-00C04F79EFBC}") = "Artworks.Cache", "src\Artworks.Cache\Artworks.Cache.csproj", "{FDA2CA77-78C5-491F-A54B-B9C9AE00061A}"
EndProject
Project("{FAE04EC0-301F-11D3-BF4B-00C04F79EFBC}") = "Artworks.Container", "src\Artworks.Container\Artworks.Container.csproj", "{3FA050F1-107B-4BDD-8428-9404384FF818}"
EndProject
Project("{FAE04EC0-301F-11D3-BF4B-00C04F79EFBC}") = "Artworks.Authorization", "src\Artworks.Authorization\Artworks.Authorization.csproj", "{7C7932BA-7C79-4CDE-B906-F412F62E1C5D}"
EndProject
Project("{FAE04EC0-301F-11D3-BF4B-00C04F79EFBC}") = "Artworks.Infrastructure", "src\Artworks.Infrastructure\Artworks.Infrastructure.csproj", "{DA85D060-5027-4345-B6C0-70EB49AD0DEA}"
EndProject
Project("{FAE04EC0-301F-11D3-BF4B-00C04F79EFBC}") = "Artworks.Database", "src\Artworks.Database\Artworks.Database.csproj", "{95569FC7-C23A-4F6D-ACB7-0FF282561956}"
EndProject
Project("{FAE04EC0-301F-11D3-BF4B-00C04F79EFBC}") = "Artworks.Container.Extensions", "src\Artworks.Container.Extensions\Artworks.Container.Extensions.csproj", "{A3B6DE92-0788-4D6A-A0F2-EA7DC888A085}"
EndProject
Project("{FAE04EC0-301F-11D3-BF4B-00C04F79EFBC}") = "Artworks.Routing", "src\Artworks.Routing\Artworks.Routing.csproj", "{DE6FF849-2A9F-4655-B868-E650422115FC}"
EndProject
Project("{FAE04EC0-301F-11D3-BF4B-00C04F79EFBC}") = "Artworks.Examples", "src\Artworks.Examples\Artworks.Examples.csproj", "{00B7E3A8-0363-4964-BD91-64562AAE1B9B}"
EndProject
Project("{FAE04EC0-301F-11D3-BF4B-00C04F79EFBC}") = "Artworks.Uploading", "src\Artworks.Uploading\Artworks.Uploading.csproj", "{214872DE-A16B-43CF-80E4-BABB46A97318}"
EndProject
Project("{FAE04EC0-301F-11D3-BF4B-00C04F79EFBC}") = "ClassLibrary", "src\ClassLibrary\ClassLibrary.csproj", "{81B7D66A-7620-476E-BF35-5426740B83DF}"
EndProject
Global
	GlobalSection(SolutionConfigurationPlatforms) = preSolution
		Debug|Any CPU = Debug|Any CPU
		Release|Any CPU = Release|Any CPU
	EndGlobalSection
	GlobalSection(ProjectConfigurationPlatforms) = postSolution
		{F93B3B11-949D-432B-80EF-D1F871FD44E0}.Debug|Any CPU.ActiveCfg = Debug|Any CPU
		{F93B3B11-949D-432B-80EF-D1F871FD44E0}.Debug|Any CPU.Build.0 = Debug|Any CPU
		{F93B3B11-949D-432B-80EF-D1F871FD44E0}.Release|Any CPU.ActiveCfg = Release|Any CPU
		{F93B3B11-949D-432B-80EF-D1F871FD44E0}.Release|Any CPU.Build.0 = Release|Any CPU
		{EE2FC872-9B8A-4C85-AC87-7E9504932C96}.Debug|Any CPU.ActiveCfg = Debug|Any CPU
		{EE2FC872-9B8A-4C85-AC87-7E9504932C96}.Debug|Any CPU.Build.0 = Debug|Any CPU
		{EE2FC872-9B8A-4C85-AC87-7E9504932C96}.Release|Any CPU.ActiveCfg = Release|Any CPU
		{EE2FC872-9B8A-4C85-AC87-7E9504932C96}.Release|Any CPU.Build.0 = Release|Any CPU
		{784B7AAF-3A47-466D-916A-08D2267939E6}.Debug|Any CPU.ActiveCfg = Debug|Any CPU
		{784B7AAF-3A47-466D-916A-08D2267939E6}.Debug|Any CPU.Build.0 = Debug|Any CPU
		{784B7AAF-3A47-466D-916A-08D2267939E6}.Release|Any CPU.ActiveCfg = Release|Any CPU
		{784B7AAF-3A47-466D-916A-08D2267939E6}.Release|Any CPU.Build.0 = Release|Any CPU
		{60EFB555-8785-46F9-A637-A52EDB82FCA9}.Debug|Any CPU.ActiveCfg = Debug|Any CPU
		{60EFB555-8785-46F9-A637-A52EDB82FCA9}.Debug|Any CPU.Build.0 = Debug|Any CPU
		{60EFB555-8785-46F9-A637-A52EDB82FCA9}.Release|Any CPU.ActiveCfg = Release|Any CPU
		{60EFB555-8785-46F9-A637-A52EDB82FCA9}.Release|Any CPU.Build.0 = Release|Any CPU
		{FDA2CA77-78C5-491F-A54B-B9C9AE00061A}.Debug|Any CPU.ActiveCfg = Debug|Any CPU
		{FDA2CA77-78C5-491F-A54B-B9C9AE00061A}.Debug|Any CPU.Build.0 = Debug|Any CPU
		{FDA2CA77-78C5-491F-A54B-B9C9AE00061A}.Release|Any CPU.ActiveCfg = Release|Any CPU
		{FDA2CA77-78C5-491F-A54B-B9C9AE00061A}.Release|Any CPU.Build.0 = Release|Any CPU
		{3FA050F1-107B-4BDD-8428-9404384FF818}.Debug|Any CPU.ActiveCfg = Debug|Any CPU
		{3FA050F1-107B-4BDD-8428-9404384FF818}.Debug|Any CPU.Build.0 = Debug|Any CPU
		{3FA050F1-107B-4BDD-8428-9404384FF818}.Release|Any CPU.ActiveCfg = Release|Any CPU
		{3FA050F1-107B-4BDD-8428-9404384FF818}.Release|Any CPU.Build.0 = Release|Any CPU
		{7C7932BA-7C79-4CDE-B906-F412F62E1C5D}.Debug|Any CPU.ActiveCfg = Debug|Any CPU
		{7C7932BA-7C79-4CDE-B906-F412F62E1C5D}.Debug|Any CPU.Build.0 = Debug|Any CPU
		{7C7932BA-7C79-4CDE-B906-F412F62E1C5D}.Release|Any CPU.ActiveCfg = Release|Any CPU
		{7C7932BA-7C79-4CDE-B906-F412F62E1C5D}.Release|Any CPU.Build.0 = Release|Any CPU
		{DA85D060-5027-4345-B6C0-70EB49AD0DEA}.Debug|Any CPU.ActiveCfg = Debug|Any CPU
		{DA85D060-5027-4345-B6C0-70EB49AD0DEA}.Debug|Any CPU.Build.0 = Debug|Any CPU
		{DA85D060-5027-4345-B6C0-70EB49AD0DEA}.Release|Any CPU.ActiveCfg = Release|Any CPU
		{DA85D060-5027-4345-B6C0-70EB49AD0DEA}.Release|Any CPU.Build.0 = Release|Any CPU
		{95569FC7-C23A-4F6D-ACB7-0FF282561956}.Debug|Any CPU.ActiveCfg = Debug|Any CPU
		{95569FC7-C23A-4F6D-ACB7-0FF282561956}.Debug|Any CPU.Build.0 = Debug|Any CPU
		{95569FC7-C23A-4F6D-ACB7-0FF282561956}.Release|Any CPU.ActiveCfg = Release|Any CPU
		{95569FC7-C23A-4F6D-ACB7-0FF282561956}.Release|Any CPU.Build.0 = Release|Any CPU
		{A3B6DE92-0788-4D6A-A0F2-EA7DC888A085}.Debug|Any CPU.ActiveCfg = Debug|Any CPU
		{A3B6DE92-0788-4D6A-A0F2-EA7DC888A085}.Debug|Any CPU.Build.0 = Debug|Any CPU
		{A3B6DE92-0788-4D6A-A0F2-EA7DC888A085}.Release|Any CPU.ActiveCfg = Release|Any CPU
		{A3B6DE92-0788-4D6A-A0F2-EA7DC888A085}.Release|Any CPU.Build.0 = Release|Any CPU
		{DE6FF849-2A9F-4655-B868-E650422115FC}.Debug|Any CPU.ActiveCfg = Debug|Any CPU
		{DE6FF849-2A9F-4655-B868-E650422115FC}.Debug|Any CPU.Build.0 = Debug|Any CPU
		{DE6FF849-2A9F-4655-B868-E650422115FC}.Release|Any CPU.ActiveCfg = Release|Any CPU
		{DE6FF849-2A9F-4655-B868-E650422115FC}.Release|Any CPU.Build.0 = Release|Any CPU
		{00B7E3A8-0363-4964-BD91-64562AAE1B9B}.Debug|Any CPU.ActiveCfg = Debug|Any CPU
		{00B7E3A8-0363-4964-BD91-64562AAE1B9B}.Debug|Any CPU.Build.0 = Debug|Any CPU
		{00B7E3A8-0363-4964-BD91-64562AAE1B9B}.Release|Any CPU.ActiveCfg = Release|Any CPU
		{00B7E3A8-0363-4964-BD91-64562AAE1B9B}.Release|Any CPU.Build.0 = Release|Any CPU
		{214872DE-A16B-43CF-80E4-BABB46A97318}.Debug|Any CPU.ActiveCfg = Debug|Any CPU
		{214872DE-A16B-43CF-80E4-BABB46A97318}.Debug|Any CPU.Build.0 = Debug|Any CPU
		{214872DE-A16B-43CF-80E4-BABB46A97318}.Release|Any CPU.ActiveCfg = Release|Any CPU
		{214872DE-A16B-43CF-80E4-BABB46A97318}.Release|Any CPU.Build.0 = Release|Any CPU
		{81B7D66A-7620-476E-BF35-5426740B83DF}.Debug|Any CPU.ActiveCfg = Debug|Any CPU
		{81B7D66A-7620-476E-BF35-5426740B83DF}.Debug|Any CPU.Build.0 = Debug|Any CPU
		{81B7D66A-7620-476E-BF35-5426740B83DF}.Release|Any CPU.ActiveCfg = Release|Any CPU
		{81B7D66A-7620-476E-BF35-5426740B83DF}.Release|Any CPU.Build.0 = Release|Any CPU
	EndGlobalSection
	GlobalSection(SolutionProperties) = preSolution
		HideSolutionNode = FALSE
	EndGlobalSection
	GlobalSection(NestedProjects) = preSolution
		{F93B3B11-949D-432B-80EF-D1F871FD44E0} = {50F1A807-455A-46AD-B2D4-43F64A2C4F68}
		{EE2FC872-9B8A-4C85-AC87-7E9504932C96} = {50F1A807-455A-46AD-B2D4-43F64A2C4F68}
		{784B7AAF-3A47-466D-916A-08D2267939E6} = {50F1A807-455A-46AD-B2D4-43F64A2C4F68}
		{60EFB555-8785-46F9-A637-A52EDB82FCA9} = {50F1A807-455A-46AD-B2D4-43F64A2C4F68}
		{FDA2CA77-78C5-491F-A54B-B9C9AE00061A} = {50F1A807-455A-46AD-B2D4-43F64A2C4F68}
		{3FA050F1-107B-4BDD-8428-9404384FF818} = {50F1A807-455A-46AD-B2D4-43F64A2C4F68}
		{7C7932BA-7C79-4CDE-B906-F412F62E1C5D} = {50F1A807-455A-46AD-B2D4-43F64A2C4F68}
		{DA85D060-5027-4345-B6C0-70EB49AD0DEA} = {50F1A807-455A-46AD-B2D4-43F64A2C4F68}
		{95569FC7-C23A-4F6D-ACB7-0FF282561956} = {50F1A807-455A-46AD-B2D4-43F64A2C4F68}
		{DE6FF849-2A9F-4655-B868-E650422115FC} = {50F1A807-455A-46AD-B2D4-43F64A2C4F68}
		{214872DE-A16B-43CF-80E4-BABB46A97318} = {50F1A807-455A-46AD-B2D4-43F64A2C4F68}
		{81B7D66A-7620-476E-BF35-5426740B83DF} = {50F1A807-455A-46AD-B2D4-43F64A2C4F68}
		{A3B6DE92-0788-4D6A-A0F2-EA7DC888A085} = {918ED9D2-0EF2-4AD1-90AE-9B279476C9A3}
		{00B7E3A8-0363-4964-BD91-64562AAE1B9B} = {CD8A8571-C2B8-49D4-9B72-D4C266A236DA}
	EndGlobalSection
EndGlobal
